// !$*UTF8*$!
{
	archiveVersion = 1;
	classes = {
	};
	objectVersion = 48;
	objects = {

/* Begin PBXBuildFile section */
		5C35352520D6889200294FDB /* SecurityWrapper.framework in Frameworks */ = {isa = PBXBuildFile; fileRef = 5C6FCAF020B155A10052FC23 /* SecurityWrapper.framework */; };
		5C35352620D6889200294FDB /* SecurityWrapper.framework in Embed Frameworks */ = {isa = PBXBuildFile; fileRef = 5C6FCAF020B155A10052FC23 /* SecurityWrapper.framework */; settings = {ATTRIBUTES = (CodeSignOnCopy, RemoveHeadersOnCopy, ); }; };
		5C35352F20D79F0E00294FDB /* SymmetricTests.swift in Sources */ = {isa = PBXBuildFile; fileRef = 5C35352E20D79F0E00294FDB /* SymmetricTests.swift */; };
		5C35353120D7A99900294FDB /* Asymmetric.swift in Sources */ = {isa = PBXBuildFile; fileRef = 5C35353020D7A99900294FDB /* Asymmetric.swift */; };
		5C35353320D7A9A200294FDB /* Symmetric.swift in Sources */ = {isa = PBXBuildFile; fileRef = 5C35353220D7A9A200294FDB /* Symmetric.swift */; };
		5C35353520D7C12000294FDB /* Keychain.swift in Sources */ = {isa = PBXBuildFile; fileRef = 5C35353420D7C12000294FDB /* Keychain.swift */; };
		5C6FCAF920B155A20052FC23 /* SecurityWrapper.framework in Frameworks */ = {isa = PBXBuildFile; fileRef = 5C6FCAF020B155A10052FC23 /* SecurityWrapper.framework */; };
		5C6FCB0020B155A30052FC23 /* SecurityWrapperTests.swift in Sources */ = {isa = PBXBuildFile; fileRef = 5C6FCAFF20B155A30052FC23 /* SecurityWrapperTests.swift */; };
		5C6FCB0220B155A30052FC23 /* SecurityWrapper.h in Headers */ = {isa = PBXBuildFile; fileRef = 5C6FCAF220B155A20052FC23 /* SecurityWrapper.h */; settings = {ATTRIBUTES = (Public, ); }; };
		5C6FCB1E20B15BE80052FC23 /* Hash.swift in Sources */ = {isa = PBXBuildFile; fileRef = 5C6FCB1C20B15BE70052FC23 /* Hash.swift */; };
		5C6FCB3020B3F81C0052FC23 /* HashingTests.swift in Sources */ = {isa = PBXBuildFile; fileRef = 5C6FCB2F20B3F81C0052FC23 /* HashingTests.swift */; };
		5C6FCB3E20B3FB630052FC23 /* AppDelegate.swift in Sources */ = {isa = PBXBuildFile; fileRef = 5C6FCB3D20B3FB630052FC23 /* AppDelegate.swift */; };
		5C6FCB4020B3FB630052FC23 /* ViewController.swift in Sources */ = {isa = PBXBuildFile; fileRef = 5C6FCB3F20B3FB630052FC23 /* ViewController.swift */; };
		5C6FCB4320B3FB630052FC23 /* Main.storyboard in Resources */ = {isa = PBXBuildFile; fileRef = 5C6FCB4120B3FB630052FC23 /* Main.storyboard */; };
		5C6FCB4520B3FB660052FC23 /* Assets.xcassets in Resources */ = {isa = PBXBuildFile; fileRef = 5C6FCB4420B3FB660052FC23 /* Assets.xcassets */; };
		5C6FCB4820B3FB660052FC23 /* LaunchScreen.storyboard in Resources */ = {isa = PBXBuildFile; fileRef = 5C6FCB4620B3FB660052FC23 /* LaunchScreen.storyboard */; };
/* End PBXBuildFile section */

/* Begin PBXContainerItemProxy section */
		5C35352720D6889200294FDB /* PBXContainerItemProxy */ = {
			isa = PBXContainerItemProxy;
			containerPortal = 5C6124E6206A243A0089DF68 /* Project object */;
			proxyType = 1;
			remoteGlobalIDString = 5C6FCAEF20B155A10052FC23;
			remoteInfo = SecurityWrapper;
		};
		5C6FCAFA20B155A20052FC23 /* PBXContainerItemProxy */ = {
			isa = PBXContainerItemProxy;
			containerPortal = 5C6124E6206A243A0089DF68 /* Project object */;
			proxyType = 1;
			remoteGlobalIDString = 5C6FCAEF20B155A10052FC23;
			remoteInfo = SecurityWrapper;
		};
		5C6FCB5B20B3FB8A0052FC23 /* PBXContainerItemProxy */ = {
			isa = PBXContainerItemProxy;
			containerPortal = 5C6124E6206A243A0089DF68 /* Project object */;
			proxyType = 1;
			remoteGlobalIDString = 5C6FCB3A20B3FB630052FC23;
			remoteInfo = SecurityWrapperSample;
		};
/* End PBXContainerItemProxy section */

/* Begin PBXCopyFilesBuildPhase section */
		5C35352920D6889200294FDB /* Embed Frameworks */ = {
			isa = PBXCopyFilesBuildPhase;
			buildActionMask = 2147483647;
			dstPath = "";
			dstSubfolderSpec = 10;
			files = (
				5C35352620D6889200294FDB /* SecurityWrapper.framework in Embed Frameworks */,
			);
			name = "Embed Frameworks";
			runOnlyForDeploymentPostprocessing = 0;
		};
/* End PBXCopyFilesBuildPhase section */

/* Begin PBXFileReference section */
		5C35352E20D79F0E00294FDB /* SymmetricTests.swift */ = {isa = PBXFileReference; lastKnownFileType = sourcecode.swift; path = SymmetricTests.swift; sourceTree = "<group>"; };
		5C35353020D7A99900294FDB /* Asymmetric.swift */ = {isa = PBXFileReference; lastKnownFileType = sourcecode.swift; path = Asymmetric.swift; sourceTree = "<group>"; };
		5C35353220D7A9A200294FDB /* Symmetric.swift */ = {isa = PBXFileReference; lastKnownFileType = sourcecode.swift; path = Symmetric.swift; sourceTree = "<group>"; };
		5C35353420D7C12000294FDB /* Keychain.swift */ = {isa = PBXFileReference; fileEncoding = 4; lastKnownFileType = sourcecode.swift; path = Keychain.swift; sourceTree = "<group>"; };
		5C6FCAF020B155A10052FC23 /* SecurityWrapper.framework */ = {isa = PBXFileReference; explicitFileType = wrapper.framework; includeInIndex = 0; path = SecurityWrapper.framework; sourceTree = BUILT_PRODUCTS_DIR; };
		5C6FCAF220B155A20052FC23 /* SecurityWrapper.h */ = {isa = PBXFileReference; lastKnownFileType = sourcecode.c.h; path = SecurityWrapper.h; sourceTree = "<group>"; };
		5C6FCAF320B155A20052FC23 /* Info.plist */ = {isa = PBXFileReference; lastKnownFileType = text.plist.xml; path = Info.plist; sourceTree = "<group>"; };
		5C6FCAF820B155A20052FC23 /* SecurityWrapperTests.xctest */ = {isa = PBXFileReference; explicitFileType = wrapper.cfbundle; includeInIndex = 0; path = SecurityWrapperTests.xctest; sourceTree = BUILT_PRODUCTS_DIR; };
		5C6FCAFF20B155A30052FC23 /* SecurityWrapperTests.swift */ = {isa = PBXFileReference; lastKnownFileType = sourcecode.swift; path = SecurityWrapperTests.swift; sourceTree = "<group>"; };
		5C6FCB0120B155A30052FC23 /* Info.plist */ = {isa = PBXFileReference; lastKnownFileType = text.plist.xml; path = Info.plist; sourceTree = "<group>"; };
		5C6FCB1C20B15BE70052FC23 /* Hash.swift */ = {isa = PBXFileReference; fileEncoding = 4; lastKnownFileType = sourcecode.swift; path = Hash.swift; sourceTree = "<group>"; };
		5C6FCB2020B15BEC0052FC23 /* module.modulemap */ = {isa = PBXFileReference; lastKnownFileType = "sourcecode.module-map"; path = module.modulemap; sourceTree = "<group>"; };
		5C6FCB2F20B3F81C0052FC23 /* HashingTests.swift */ = {isa = PBXFileReference; lastKnownFileType = sourcecode.swift; path = HashingTests.swift; sourceTree = "<group>"; };
		5C6FCB3B20B3FB630052FC23 /* SecurityWrapperSample.app */ = {isa = PBXFileReference; explicitFileType = wrapper.application; includeInIndex = 0; path = SecurityWrapperSample.app; sourceTree = BUILT_PRODUCTS_DIR; };
		5C6FCB3D20B3FB630052FC23 /* AppDelegate.swift */ = {isa = PBXFileReference; lastKnownFileType = sourcecode.swift; path = AppDelegate.swift; sourceTree = "<group>"; };
		5C6FCB3F20B3FB630052FC23 /* ViewController.swift */ = {isa = PBXFileReference; lastKnownFileType = sourcecode.swift; path = ViewController.swift; sourceTree = "<group>"; };
		5C6FCB4220B3FB630052FC23 /* Base */ = {isa = PBXFileReference; lastKnownFileType = file.storyboard; name = Base; path = Base.lproj/Main.storyboard; sourceTree = "<group>"; };
		5C6FCB4420B3FB660052FC23 /* Assets.xcassets */ = {isa = PBXFileReference; lastKnownFileType = folder.assetcatalog; path = Assets.xcassets; sourceTree = "<group>"; };
		5C6FCB4720B3FB660052FC23 /* Base */ = {isa = PBXFileReference; lastKnownFileType = file.storyboard; name = Base; path = Base.lproj/LaunchScreen.storyboard; sourceTree = "<group>"; };
		5C6FCB4920B3FB660052FC23 /* Info.plist */ = {isa = PBXFileReference; lastKnownFileType = text.plist.xml; path = Info.plist; sourceTree = "<group>"; };
/* End PBXFileReference section */

/* Begin PBXFrameworksBuildPhase section */
		5C6FCAEC20B155A10052FC23 /* Frameworks */ = {
			isa = PBXFrameworksBuildPhase;
			buildActionMask = 2147483647;
			files = (
			);
			runOnlyForDeploymentPostprocessing = 0;
		};
		5C6FCAF520B155A20052FC23 /* Frameworks */ = {
			isa = PBXFrameworksBuildPhase;
			buildActionMask = 2147483647;
			files = (
				5C6FCAF920B155A20052FC23 /* SecurityWrapper.framework in Frameworks */,
			);
			runOnlyForDeploymentPostprocessing = 0;
		};
		5C6FCB3820B3FB630052FC23 /* Frameworks */ = {
			isa = PBXFrameworksBuildPhase;
			buildActionMask = 2147483647;
			files = (
				5C35352520D6889200294FDB /* SecurityWrapper.framework in Frameworks */,
			);
			runOnlyForDeploymentPostprocessing = 0;
		};
/* End PBXFrameworksBuildPhase section */

/* Begin PBXGroup section */
		5C6124E5206A243A0089DF68 = {
			isa = PBXGroup;
			children = (
				5C6FCB3C20B3FB630052FC23 /* SecurityWrapperSample */,
				5C6FCAF120B155A20052FC23 /* SecurityWrapper */,
				5C6FCAFE20B155A30052FC23 /* SecurityWrapperTests */,
				5C6124EF206A243A0089DF68 /* Products */,
			);
			sourceTree = "<group>";
		};
		5C6124EF206A243A0089DF68 /* Products */ = {
			isa = PBXGroup;
			children = (
				5C6FCAF020B155A10052FC23 /* SecurityWrapper.framework */,
				5C6FCAF820B155A20052FC23 /* SecurityWrapperTests.xctest */,
				5C6FCB3B20B3FB630052FC23 /* SecurityWrapperSample.app */,
			);
			name = Products;
			sourceTree = "<group>";
		};
		5C6FCAF120B155A20052FC23 /* SecurityWrapper */ = {
			isa = PBXGroup;
			children = (
				5C6FCB1A20B15BC90052FC23 /* Classes */,
				5C6FCAF220B155A20052FC23 /* SecurityWrapper.h */,
				5C6FCAF320B155A20052FC23 /* Info.plist */,
			);
			path = SecurityWrapper;
			sourceTree = "<group>";
		};
		5C6FCAFE20B155A30052FC23 /* SecurityWrapperTests */ = {
			isa = PBXGroup;
			children = (
				5C6FCAFF20B155A30052FC23 /* SecurityWrapperTests.swift */,
				5C35352E20D79F0E00294FDB /* SymmetricTests.swift */,
				5C6FCB2F20B3F81C0052FC23 /* HashingTests.swift */,
				5C6FCB0120B155A30052FC23 /* Info.plist */,
			);
			path = SecurityWrapperTests;
			sourceTree = "<group>";
		};
		5C6FCB1A20B15BC90052FC23 /* Classes */ = {
			isa = PBXGroup;
			children = (
				5C6FCB1B20B15BCF0052FC23 /* CCommonCrypto */,
				5C6FCB1C20B15BE70052FC23 /* Hash.swift */,
				5C35353020D7A99900294FDB /* Asymmetric.swift */,
				5C35353220D7A9A200294FDB /* Symmetric.swift */,
				5C35353420D7C12000294FDB /* Keychain.swift */,
			);
			path = Classes;
			sourceTree = "<group>";
		};
		5C6FCB1B20B15BCF0052FC23 /* CCommonCrypto */ = {
			isa = PBXGroup;
			children = (
				5C6FCB2020B15BEC0052FC23 /* module.modulemap */,
			);
			path = CCommonCrypto;
			sourceTree = "<group>";
		};
		5C6FCB3C20B3FB630052FC23 /* SecurityWrapperSample */ = {
			isa = PBXGroup;
			children = (
				5C6FCB3D20B3FB630052FC23 /* AppDelegate.swift */,
				5C6FCB3F20B3FB630052FC23 /* ViewController.swift */,
				5C6FCB4120B3FB630052FC23 /* Main.storyboard */,
				5C6FCB4420B3FB660052FC23 /* Assets.xcassets */,
				5C6FCB4620B3FB660052FC23 /* LaunchScreen.storyboard */,
				5C6FCB4920B3FB660052FC23 /* Info.plist */,
			);
			path = SecurityWrapperSample;
			sourceTree = "<group>";
		};
/* End PBXGroup section */

/* Begin PBXHeadersBuildPhase section */
		5C6FCAED20B155A10052FC23 /* Headers */ = {
			isa = PBXHeadersBuildPhase;
			buildActionMask = 2147483647;
			files = (
				5C6FCB0220B155A30052FC23 /* SecurityWrapper.h in Headers */,
			);
			runOnlyForDeploymentPostprocessing = 0;
		};
/* End PBXHeadersBuildPhase section */

/* Begin PBXNativeTarget section */
		5C6FCAEF20B155A10052FC23 /* SecurityWrapper */ = {
			isa = PBXNativeTarget;
			buildConfigurationList = 5C6FCB0820B155A30052FC23 /* Build configuration list for PBXNativeTarget "SecurityWrapper" */;
			buildPhases = (
				5C6FCAEB20B155A10052FC23 /* Sources */,
				5C6FCAEC20B155A10052FC23 /* Frameworks */,
				5C6FCAED20B155A10052FC23 /* Headers */,
				5C6FCAEE20B155A10052FC23 /* Resources */,
			);
			buildRules = (
			);
			dependencies = (
			);
			name = SecurityWrapper;
			productName = SecurityWrapper;
			productReference = 5C6FCAF020B155A10052FC23 /* SecurityWrapper.framework */;
			productType = "com.apple.product-type.framework";
		};
		5C6FCAF720B155A20052FC23 /* SecurityWrapperTests */ = {
			isa = PBXNativeTarget;
			buildConfigurationList = 5C6FCB0B20B155A30052FC23 /* Build configuration list for PBXNativeTarget "SecurityWrapperTests" */;
			buildPhases = (
				5C6FCAF420B155A20052FC23 /* Sources */,
				5C6FCAF520B155A20052FC23 /* Frameworks */,
				5C6FCAF620B155A20052FC23 /* Resources */,
			);
			buildRules = (
			);
			dependencies = (
				5C6FCAFB20B155A20052FC23 /* PBXTargetDependency */,
				5C6FCB5C20B3FB8A0052FC23 /* PBXTargetDependency */,
			);
			name = SecurityWrapperTests;
			productName = SecurityWrapperTests;
			productReference = 5C6FCAF820B155A20052FC23 /* SecurityWrapperTests.xctest */;
			productType = "com.apple.product-type.bundle.unit-test";
		};
		5C6FCB3A20B3FB630052FC23 /* SecurityWrapperSample */ = {
			isa = PBXNativeTarget;
			buildConfigurationList = 5C6FCB5520B3FB660052FC23 /* Build configuration list for PBXNativeTarget "SecurityWrapperSample" */;
			buildPhases = (
				5C6FCB3720B3FB630052FC23 /* Sources */,
				5C6FCB3820B3FB630052FC23 /* Frameworks */,
				5C6FCB3920B3FB630052FC23 /* Resources */,
				5C35352920D6889200294FDB /* Embed Frameworks */,
			);
			buildRules = (
			);
			dependencies = (
				5C35352820D6889200294FDB /* PBXTargetDependency */,
			);
			name = SecurityWrapperSample;
			productName = SecurityWrapperSample;
			productReference = 5C6FCB3B20B3FB630052FC23 /* SecurityWrapperSample.app */;
			productType = "com.apple.product-type.application";
		};
/* End PBXNativeTarget section */

/* Begin PBXProject section */
		5C6124E6206A243A0089DF68 /* Project object */ = {
			isa = PBXProject;
			attributes = {
				LastSwiftUpdateCheck = 0930;
				LastUpgradeCheck = 0930;
				ORGANIZATIONNAME = "Hassan Shahbazi";
				TargetAttributes = {
					5C6FCAEF20B155A10052FC23 = {
						CreatedOnToolsVersion = 9.3;
						LastSwiftMigration = 0930;
						ProvisioningStyle = Automatic;
					};
					5C6FCAF720B155A20052FC23 = {
						CreatedOnToolsVersion = 9.3;
						ProvisioningStyle = Automatic;
						TestTargetID = 5C6FCB3A20B3FB630052FC23;
					};
					5C6FCB3A20B3FB630052FC23 = {
						CreatedOnToolsVersion = 9.3;
						ProvisioningStyle = Automatic;
					};
				};
			};
			buildConfigurationList = 5C6124E9206A243A0089DF68 /* Build configuration list for PBXProject "SecurityWrapper" */;
			compatibilityVersion = "Xcode 8.0";
			developmentRegion = en;
			hasScannedForEncodings = 0;
			knownRegions = (
				en,
				Base,
			);
			mainGroup = 5C6124E5206A243A0089DF68;
			productRefGroup = 5C6124EF206A243A0089DF68 /* Products */;
			projectDirPath = "";
			projectRoot = "";
			targets = (
				5C6FCB3A20B3FB630052FC23 /* SecurityWrapperSample */,
				5C6FCAEF20B155A10052FC23 /* SecurityWrapper */,
				5C6FCAF720B155A20052FC23 /* SecurityWrapperTests */,
			);
		};
/* End PBXProject section */

/* Begin PBXResourcesBuildPhase section */
		5C6FCAEE20B155A10052FC23 /* Resources */ = {
			isa = PBXResourcesBuildPhase;
			buildActionMask = 2147483647;
			files = (
			);
			runOnlyForDeploymentPostprocessing = 0;
		};
		5C6FCAF620B155A20052FC23 /* Resources */ = {
			isa = PBXResourcesBuildPhase;
			buildActionMask = 2147483647;
			files = (
			);
			runOnlyForDeploymentPostprocessing = 0;
		};
		5C6FCB3920B3FB630052FC23 /* Resources */ = {
			isa = PBXResourcesBuildPhase;
			buildActionMask = 2147483647;
			files = (
				5C6FCB4820B3FB660052FC23 /* LaunchScreen.storyboard in Resources */,
				5C6FCB4520B3FB660052FC23 /* Assets.xcassets in Resources */,
				5C6FCB4320B3FB630052FC23 /* Main.storyboard in Resources */,
			);
			runOnlyForDeploymentPostprocessing = 0;
		};
/* End PBXResourcesBuildPhase section */

/* Begin PBXSourcesBuildPhase section */
		5C6FCAEB20B155A10052FC23 /* Sources */ = {
			isa = PBXSourcesBuildPhase;
			buildActionMask = 2147483647;
			files = (
				5C6FCB1E20B15BE80052FC23 /* Hash.swift in Sources */,
				5C35353520D7C12000294FDB /* Keychain.swift in Sources */,
				5C35353120D7A99900294FDB /* Asymmetric.swift in Sources */,
				5C35353320D7A9A200294FDB /* Symmetric.swift in Sources */,
			);
			runOnlyForDeploymentPostprocessing = 0;
		};
		5C6FCAF420B155A20052FC23 /* Sources */ = {
			isa = PBXSourcesBuildPhase;
			buildActionMask = 2147483647;
			files = (
				5C6FCB3020B3F81C0052FC23 /* HashingTests.swift in Sources */,
				5C6FCB0020B155A30052FC23 /* SecurityWrapperTests.swift in Sources */,
				5C35352F20D79F0E00294FDB /* SymmetricTests.swift in Sources */,
			);
			runOnlyForDeploymentPostprocessing = 0;
		};
		5C6FCB3720B3FB630052FC23 /* Sources */ = {
			isa = PBXSourcesBuildPhase;
			buildActionMask = 2147483647;
			files = (
				5C6FCB4020B3FB630052FC23 /* ViewController.swift in Sources */,
				5C6FCB3E20B3FB630052FC23 /* AppDelegate.swift in Sources */,
			);
			runOnlyForDeploymentPostprocessing = 0;
		};
/* End PBXSourcesBuildPhase section */

/* Begin PBXTargetDependency section */
		5C35352820D6889200294FDB /* PBXTargetDependency */ = {
			isa = PBXTargetDependency;
			target = 5C6FCAEF20B155A10052FC23 /* SecurityWrapper */;
			targetProxy = 5C35352720D6889200294FDB /* PBXContainerItemProxy */;
		};
		5C6FCAFB20B155A20052FC23 /* PBXTargetDependency */ = {
			isa = PBXTargetDependency;
			target = 5C6FCAEF20B155A10052FC23 /* SecurityWrapper */;
			targetProxy = 5C6FCAFA20B155A20052FC23 /* PBXContainerItemProxy */;
		};
		5C6FCB5C20B3FB8A0052FC23 /* PBXTargetDependency */ = {
			isa = PBXTargetDependency;
			target = 5C6FCB3A20B3FB630052FC23 /* SecurityWrapperSample */;
			targetProxy = 5C6FCB5B20B3FB8A0052FC23 /* PBXContainerItemProxy */;
		};
/* End PBXTargetDependency section */

/* Begin PBXVariantGroup section */
		5C6FCB4120B3FB630052FC23 /* Main.storyboard */ = {
			isa = PBXVariantGroup;
			children = (
				5C6FCB4220B3FB630052FC23 /* Base */,
			);
			name = Main.storyboard;
			sourceTree = "<group>";
		};
		5C6FCB4620B3FB660052FC23 /* LaunchScreen.storyboard */ = {
			isa = PBXVariantGroup;
			children = (
				5C6FCB4720B3FB660052FC23 /* Base */,
			);
			name = LaunchScreen.storyboard;
			sourceTree = "<group>";
		};
/* End PBXVariantGroup section */

/* Begin XCBuildConfiguration section */
		5C612509206A243A0089DF68 /* Debug */ = {
			isa = XCBuildConfiguration;
			buildSettings = {
				ALWAYS_SEARCH_USER_PATHS = NO;
				CLANG_ANALYZER_NONNULL = YES;
				CLANG_ANALYZER_NUMBER_OBJECT_CONVERSION = YES_AGGRESSIVE;
				CLANG_CXX_LANGUAGE_STANDARD = "gnu++14";
				CLANG_CXX_LIBRARY = "libc++";
				CLANG_ENABLE_MODULES = YES;
				CLANG_ENABLE_OBJC_ARC = YES;
				CLANG_WARN_BLOCK_CAPTURE_AUTORELEASING = YES;
				CLANG_WARN_BOOL_CONVERSION = YES;
				CLANG_WARN_COMMA = YES;
				CLANG_WARN_CONSTANT_CONVERSION = YES;
				CLANG_WARN_DEPRECATED_OBJC_IMPLEMENTATIONS = YES;
				CLANG_WARN_DIRECT_OBJC_ISA_USAGE = YES_ERROR;
				CLANG_WARN_DOCUMENTATION_COMMENTS = YES;
				CLANG_WARN_EMPTY_BODY = YES;
				CLANG_WARN_ENUM_CONVERSION = YES;
				CLANG_WARN_INFINITE_RECURSION = YES;
				CLANG_WARN_INT_CONVERSION = YES;
				CLANG_WARN_NON_LITERAL_NULL_CONVERSION = YES;
				CLANG_WARN_OBJC_IMPLICIT_RETAIN_SELF = YES;
				CLANG_WARN_OBJC_LITERAL_CONVERSION = YES;
				CLANG_WARN_OBJC_ROOT_CLASS = YES_ERROR;
				CLANG_WARN_RANGE_LOOP_ANALYSIS = YES;
				CLANG_WARN_STRICT_PROTOTYPES = YES;
				CLANG_WARN_SUSPICIOUS_MOVE = YES;
				CLANG_WARN_UNGUARDED_AVAILABILITY = YES_AGGRESSIVE;
				CLANG_WARN_UNREACHABLE_CODE = YES;
				CLANG_WARN__DUPLICATE_METHOD_MATCH = YES;
				CODE_SIGN_IDENTITY = "iPhone Developer";
				COPY_PHASE_STRIP = NO;
				DEBUG_INFORMATION_FORMAT = dwarf;
				ENABLE_STRICT_OBJC_MSGSEND = YES;
				ENABLE_TESTABILITY = YES;
				GCC_C_LANGUAGE_STANDARD = gnu11;
				GCC_DYNAMIC_NO_PIC = NO;
				GCC_NO_COMMON_BLOCKS = YES;
				GCC_OPTIMIZATION_LEVEL = 0;
				GCC_PREPROCESSOR_DEFINITIONS = (
					"DEBUG=1",
					"$(inherited)",
				);
				GCC_WARN_64_TO_32_BIT_CONVERSION = YES;
				GCC_WARN_ABOUT_RETURN_TYPE = YES_ERROR;
				GCC_WARN_UNDECLARED_SELECTOR = YES;
				GCC_WARN_UNINITIALIZED_AUTOS = YES_AGGRESSIVE;
				GCC_WARN_UNUSED_FUNCTION = YES;
				GCC_WARN_UNUSED_VARIABLE = YES;
				IPHONEOS_DEPLOYMENT_TARGET = 11.2;
				MTL_ENABLE_DEBUG_INFO = YES;
				ONLY_ACTIVE_ARCH = YES;
				SDKROOT = iphoneos;
				SWIFT_ACTIVE_COMPILATION_CONDITIONS = DEBUG;
				SWIFT_OPTIMIZATION_LEVEL = "-Onone";
			};
			name = Debug;
		};
		5C61250A206A243A0089DF68 /* Release */ = {
			isa = XCBuildConfiguration;
			buildSettings = {
				ALWAYS_SEARCH_USER_PATHS = NO;
				CLANG_ANALYZER_NONNULL = YES;
				CLANG_ANALYZER_NUMBER_OBJECT_CONVERSION = YES_AGGRESSIVE;
				CLANG_CXX_LANGUAGE_STANDARD = "gnu++14";
				CLANG_CXX_LIBRARY = "libc++";
				CLANG_ENABLE_MODULES = YES;
				CLANG_ENABLE_OBJC_ARC = YES;
				CLANG_WARN_BLOCK_CAPTURE_AUTORELEASING = YES;
				CLANG_WARN_BOOL_CONVERSION = YES;
				CLANG_WARN_COMMA = YES;
				CLANG_WARN_CONSTANT_CONVERSION = YES;
				CLANG_WARN_DEPRECATED_OBJC_IMPLEMENTATIONS = YES;
				CLANG_WARN_DIRECT_OBJC_ISA_USAGE = YES_ERROR;
				CLANG_WARN_DOCUMENTATION_COMMENTS = YES;
				CLANG_WARN_EMPTY_BODY = YES;
				CLANG_WARN_ENUM_CONVERSION = YES;
				CLANG_WARN_INFINITE_RECURSION = YES;
				CLANG_WARN_INT_CONVERSION = YES;
				CLANG_WARN_NON_LITERAL_NULL_CONVERSION = YES;
				CLANG_WARN_OBJC_IMPLICIT_RETAIN_SELF = YES;
				CLANG_WARN_OBJC_LITERAL_CONVERSION = YES;
				CLANG_WARN_OBJC_ROOT_CLASS = YES_ERROR;
				CLANG_WARN_RANGE_LOOP_ANALYSIS = YES;
				CLANG_WARN_STRICT_PROTOTYPES = YES;
				CLANG_WARN_SUSPICIOUS_MOVE = YES;
				CLANG_WARN_UNGUARDED_AVAILABILITY = YES_AGGRESSIVE;
				CLANG_WARN_UNREACHABLE_CODE = YES;
				CLANG_WARN__DUPLICATE_METHOD_MATCH = YES;
				CODE_SIGN_IDENTITY = "iPhone Developer";
				COPY_PHASE_STRIP = NO;
				DEBUG_INFORMATION_FORMAT = "dwarf-with-dsym";
				ENABLE_NS_ASSERTIONS = NO;
				ENABLE_STRICT_OBJC_MSGSEND = YES;
				GCC_C_LANGUAGE_STANDARD = gnu11;
				GCC_NO_COMMON_BLOCKS = YES;
				GCC_WARN_64_TO_32_BIT_CONVERSION = YES;
				GCC_WARN_ABOUT_RETURN_TYPE = YES_ERROR;
				GCC_WARN_UNDECLARED_SELECTOR = YES;
				GCC_WARN_UNINITIALIZED_AUTOS = YES_AGGRESSIVE;
				GCC_WARN_UNUSED_FUNCTION = YES;
				GCC_WARN_UNUSED_VARIABLE = YES;
				IPHONEOS_DEPLOYMENT_TARGET = 11.2;
				MTL_ENABLE_DEBUG_INFO = NO;
				SDKROOT = iphoneos;
				SWIFT_OPTIMIZATION_LEVEL = "-Owholemodule";
				VALIDATE_PRODUCT = YES;
			};
			name = Release;
		};
		5C6FCB0920B155A30052FC23 /* Debug */ = {
			isa = XCBuildConfiguration;
			buildSettings = {
				CLANG_ENABLE_MODULES = YES;
				CLANG_ENABLE_OBJC_WEAK = YES;
				CODE_SIGN_IDENTITY = "";
				CODE_SIGN_STYLE = Automatic;
				CURRENT_PROJECT_VERSION = 1;
				DEFINES_MODULE = YES;
				DEVELOPMENT_TEAM = 4A6ZQ29Y2F;
				DYLIB_COMPATIBILITY_VERSION = 1;
				DYLIB_CURRENT_VERSION = 1;
				DYLIB_INSTALL_NAME_BASE = "@rpath";
				INFOPLIST_FILE = SecurityWrapper/Info.plist;
				INSTALL_PATH = "$(LOCAL_LIBRARY_DIR)/Frameworks";
				IPHONEOS_DEPLOYMENT_TARGET = 11.3;
				LD_RUNPATH_SEARCH_PATHS = "$(inherited) @executable_path/Frameworks @loader_path/Frameworks";
				PRODUCT_BUNDLE_IDENTIFIER = com.vancosys.SecurityWrapper;
				PRODUCT_NAME = "$(TARGET_NAME:c99extidentifier)";
				SKIP_INSTALL = YES;
				SWIFT_INCLUDE_PATHS = "${SRCROOT}/SecurityWrapper/Classes/CCommonCrypto";
				SWIFT_OPTIMIZATION_LEVEL = "-Onone";
				SWIFT_VERSION = 4.0;
				TARGETED_DEVICE_FAMILY = "1,2";
				VERSIONING_SYSTEM = "apple-generic";
				VERSION_INFO_PREFIX = "";
			};
			name = Debug;
		};
		5C6FCB0A20B155A30052FC23 /* Release */ = {
			isa = XCBuildConfiguration;
			buildSettings = {
				CLANG_ENABLE_MODULES = YES;
				CLANG_ENABLE_OBJC_WEAK = YES;
				CODE_SIGN_IDENTITY = "";
				CODE_SIGN_STYLE = Automatic;
				CURRENT_PROJECT_VERSION = 1;
				DEFINES_MODULE = YES;
				DEVELOPMENT_TEAM = 4A6ZQ29Y2F;
				DYLIB_COMPATIBILITY_VERSION = 1;
				DYLIB_CURRENT_VERSION = 1;
				DYLIB_INSTALL_NAME_BASE = "@rpath";
				INFOPLIST_FILE = SecurityWrapper/Info.plist;
				INSTALL_PATH = "$(LOCAL_LIBRARY_DIR)/Frameworks";
				IPHONEOS_DEPLOYMENT_TARGET = 11.3;
				LD_RUNPATH_SEARCH_PATHS = "$(inherited) @executable_path/Frameworks @loader_path/Frameworks";
				PRODUCT_BUNDLE_IDENTIFIER = com.vancosys.SecurityWrapper;
				PRODUCT_NAME = "$(TARGET_NAME:c99extidentifier)";
				SKIP_INSTALL = YES;
				SWIFT_INCLUDE_PATHS = "${SRCROOT}/SecurityWrapper/Classes/CCommonCrypto";
				SWIFT_VERSION = 4.0;
				TARGETED_DEVICE_FAMILY = "1,2";
				VERSIONING_SYSTEM = "apple-generic";
				VERSION_INFO_PREFIX = "";
			};
			name = Release;
		};
		5C6FCB0C20B155A30052FC23 /* Debug */ = {
			isa = XCBuildConfiguration;
			buildSettings = {
				ALWAYS_EMBED_SWIFT_STANDARD_LIBRARIES = YES;
				BUNDLE_LOADER = "$(TEST_HOST)";
				CLANG_ENABLE_OBJC_WEAK = YES;
				CODE_SIGN_STYLE = Automatic;
				DEVELOPMENT_TEAM = 4A6ZQ29Y2F;
				INFOPLIST_FILE = SecurityWrapperTests/Info.plist;
				IPHONEOS_DEPLOYMENT_TARGET = 11.3;
				LD_RUNPATH_SEARCH_PATHS = "$(inherited) @executable_path/Frameworks @loader_path/Frameworks";
				PRODUCT_BUNDLE_IDENTIFIER = com.vancosys.SecurityWrapperTests;
				PRODUCT_NAME = "$(TARGET_NAME)";
				SWIFT_INCLUDE_PATHS = "${SRCROOT}/Classes/CCommonCrypto";
				SWIFT_VERSION = 4.0;
				TARGETED_DEVICE_FAMILY = "1,2";
				TEST_HOST = "$(BUILT_PRODUCTS_DIR)/SecurityWrapperSample.app/SecurityWrapperSample";
			};
			name = Debug;
		};
		5C6FCB0D20B155A30052FC23 /* Release */ = {
			isa = XCBuildConfiguration;
			buildSettings = {
				ALWAYS_EMBED_SWIFT_STANDARD_LIBRARIES = YES;
				BUNDLE_LOADER = "$(TEST_HOST)";
				CLANG_ENABLE_OBJC_WEAK = YES;
				CODE_SIGN_STYLE = Automatic;
				DEVELOPMENT_TEAM = 4A6ZQ29Y2F;
				INFOPLIST_FILE = SecurityWrapperTests/Info.plist;
				IPHONEOS_DEPLOYMENT_TARGET = 11.3;
				LD_RUNPATH_SEARCH_PATHS = "$(inherited) @executable_path/Frameworks @loader_path/Frameworks";
				PRODUCT_BUNDLE_IDENTIFIER = com.vancosys.SecurityWrapperTests;
				PRODUCT_NAME = "$(TARGET_NAME)";
				SWIFT_INCLUDE_PATHS = "${SRCROOT}/Classes/CCommonCrypto";
				SWIFT_VERSION = 4.0;
				TARGETED_DEVICE_FAMILY = "1,2";
				TEST_HOST = "$(BUILT_PRODUCTS_DIR)/SecurityWrapperSample.app/SecurityWrapperSample";
			};
			name = Release;
		};
		5C6FCB5620B3FB660052FC23 /* Debug */ = {
			isa = XCBuildConfiguration;
			buildSettings = {
				ALWAYS_EMBED_SWIFT_STANDARD_LIBRARIES = YES;
				ASSETCATALOG_COMPILER_APPICON_NAME = AppIcon;
				CLANG_ENABLE_OBJC_WEAK = YES;
				CODE_SIGN_STYLE = Automatic;
				DEVELOPMENT_TEAM = 4A6ZQ29Y2F;
				INFOPLIST_FILE = SecurityWrapperSample/Info.plist;
				IPHONEOS_DEPLOYMENT_TARGET = 11.3;
				LD_RUNPATH_SEARCH_PATHS = "$(inherited) @executable_path/Frameworks";
				PRODUCT_BUNDLE_IDENTIFIER = com.vancosys.SecurityWrapperSample;
				PRODUCT_NAME = "$(TARGET_NAME)";
				SWIFT_VERSION = 4.0;
				TARGETED_DEVICE_FAMILY = "1,2";
			};
			name = Debug;
		};
		5C6FCB5720B3FB660052FC23 /* Release */ = {
			isa = XCBuildConfiguration;
			buildSettings = {
				ALWAYS_EMBED_SWIFT_STANDARD_LIBRARIES = YES;
				ASSETCATALOG_COMPILER_APPICON_NAME = AppIcon;
				CLANG_ENABLE_OBJC_WEAK = YES;
				CODE_SIGN_STYLE = Automatic;
				DEVELOPMENT_TEAM = 4A6ZQ29Y2F;
				INFOPLIST_FILE = SecurityWrapperSample/Info.plist;
				IPHONEOS_DEPLOYMENT_TARGET = 11.3;
				LD_RUNPATH_SEARCH_PATHS = "$(inherited) @executable_path/Frameworks";
				PRODUCT_BUNDLE_IDENTIFIER = com.vancosys.SecurityWrapperSample;
				PRODUCT_NAME = "$(TARGET_NAME)";
				SWIFT_VERSION = 4.0;
				TARGETED_DEVICE_FAMILY = "1,2";
			};
			name = Release;
		};
/* End XCBuildConfiguration section */

/* Begin XCConfigurationList section */
		5C6124E9206A243A0089DF68 /* Build configuration list for PBXProject "SecurityWrapper" */ = {
			isa = XCConfigurationList;
			buildConfigurations = (
				5C612509206A243A0089DF68 /* Debug */,
				5C61250A206A243A0089DF68 /* Release */,
			);
			defaultConfigurationIsVisible = 0;
			defaultConfigurationName = Release;
		};
		5C6FCB0820B155A30052FC23 /* Build configuration list for PBXNativeTarget "SecurityWrapper" */ = {
			isa = XCConfigurationList;
			buildConfigurations = (
				5C6FCB0920B155A30052FC23 /* Debug */,
				5C6FCB0A20B155A30052FC23 /* Release */,
			);
			defaultConfigurationIsVisible = 0;
			defaultConfigurationName = Release;
		};
		5C6FCB0B20B155A30052FC23 /* Build configuration list for PBXNativeTarget "SecurityWrapperTests" */ = {
			isa = XCConfigurationList;
			buildConfigurations = (
				5C6FCB0C20B155A30052FC23 /* Debug */,
				5C6FCB0D20B155A30052FC23 /* Release */,
			);
			defaultConfigurationIsVisible = 0;
			defaultConfigurationName = Release;
		};
		5C6FCB5520B3FB660052FC23 /* Build configuration list for PBXNativeTarget "SecurityWrapperSample" */ = {
			isa = XCConfigurationList;
			buildConfigurations = (
				5C6FCB5620B3FB660052FC23 /* Debug */,
				5C6FCB5720B3FB660052FC23 /* Release */,
			);
			defaultConfigurationIsVisible = 0;
			defaultConfigurationName = Release;
		};
/* End XCConfigurationList section */
	};
	rootObject = 5C6124E6206A243A0089DF68 /* Project object */;
}
